
Microsoft Visual Studio Solution File, Format Version 12.00
# Visual Studio Version 16
VisualStudioVersion = 16.0.30225.117
MinimumVisualStudioVersion = 10.0.40219.1
Project("{888888A0-9F3D-457C-B088-3A5042F75D52}") = "BracketMaker", "BracketMaker\BracketMaker.pyproj", "{D3F4E793-5DE1-49CE-BCC1-84846B7D42BC}"
EndProject
Global
	GlobalSection(SolutionConfigurationPlatforms) = preSolution
		Debug|Any CPU = Debug|Any CPU
		Release|Any CPU = Release|Any CPU
	EndGlobalSection
	GlobalSection(ProjectConfigurationPlatforms) = postSolution
		{D3F4E793-5DE1-49CE-BCC1-84846B7D42BC}.Debug|Any CPU.ActiveCfg = Debug|Any CPU
		{D3F4E793-5DE1-49CE-BCC1-84846B7D42BC}.Release|Any CPU.ActiveCfg = Release|Any CPU
	EndGlobalSection
	GlobalSection(SolutionProperties) = preSolution
		HideSolutionNode = FALSE
	EndGlobalSection
	GlobalSection(ExtensibilityGlobals) = postSolution
		SolutionGuid = {72F18577-4FD0-43F6-9999-80569B462C87}
	EndGlobalSection
EndGlobal
